
Microsoft Visual Studio Solution File, Format Version 12.00
# Visual Studio Version 16
VisualStudioVersion = 16.0.30225.117
MinimumVisualStudioVersion = 10.0.40219.1
Project("{FAE04EC0-301F-11D3-BF4B-00C04F79EFBC}") = "lr3", "lr3\lr3.csproj", "{6935A6E5-75F2-4D65-8102-B596E04012F5}"
EndProject
Global
	GlobalSection(SolutionConfigurationPlatforms) = preSolution
		Debug|Any CPU = Debug|Any CPU
		Release|Any CPU = Release|Any CPU
	EndGlobalSection
	GlobalSection(ProjectConfigurationPlatforms) = postSolution
		{6935A6E5-75F2-4D65-8102-B596E04012F5}.Debug|Any CPU.ActiveCfg = Debug|Any CPU
		{6935A6E5-75F2-4D65-8102-B596E04012F5}.Debug|Any CPU.Build.0 = Debug|Any CPU
		{6935A6E5-75F2-4D65-8102-B596E04012F5}.Release|Any CPU.ActiveCfg = Release|Any CPU
		{6935A6E5-75F2-4D65-8102-B596E04012F5}.Release|Any CPU.Build.0 = Release|Any CPU
	EndGlobalSection
	GlobalSection(SolutionProperties) = preSolution
		HideSolutionNode = FALSE
	EndGlobalSection
	GlobalSection(ExtensibilityGlobals) = postSolution
		SolutionGuid = {7B0521FC-3A24-40F1-84A8-A8457EE4E0D8}
	EndGlobalSection
EndGlobal
